
Microsoft Visual Studio Solution File, Format Version 12.00
# Visual Studio Version 16
VisualStudioVersion = 16.0.28822.285
MinimumVisualStudioVersion = 10.0.40219.1
Project("{8BC9CEB8-8B4A-11D0-8D11-00A0C91BC942}") = "鼠标", "鼠标\鼠标.vcxproj", "{E4EABBAB-6268-4BEB-8FE6-BDE8330DBDC3}"
EndProject
Project("{8BC9CEB8-8B4A-11D0-8D11-00A0C91BC942}") = "cflw代码库cpp", "C:\Users\cflw1\OneDrive\文档\开发\cflw代码库\cflw代码库.vcxproj", "{AD010D5B-4048-48C8-9BE6-82484BEC32B1}"
EndProject
Project("{8BC9CEB8-8B4A-11D0-8D11-00A0C91BC942}") = "触摸", "触摸\触摸.vcxproj", "{8005C764-52AA-4269-840F-A4BEBE88868E}"
EndProject
Project("{8BC9CEB8-8B4A-11D0-8D11-00A0C91BC942}") = "手柄", "手柄\手柄.vcxproj", "{180D38F1-E6A2-462C-B620-90479FC0CA51}"
EndProject
Project("{8BC9CEB8-8B4A-11D0-8D11-00A0C91BC942}") = "笔", "笔\笔.vcxproj", "{F181A6B7-9958-4E9F-8EB8-E89727A86117}"
EndProject
Global
	GlobalSection(SolutionConfigurationPlatforms) = preSolution
		Debug|x64 = Debug|x64
		Debug|x86 = Debug|x86
		Release|x64 = Release|x64
		Release|x86 = Release|x86
	EndGlobalSection
	GlobalSection(ProjectConfigurationPlatforms) = postSolution
		{E4EABBAB-6268-4BEB-8FE6-BDE8330DBDC3}.Debug|x64.ActiveCfg = Debug|x64
		{E4EABBAB-6268-4BEB-8FE6-BDE8330DBDC3}.Debug|x64.Build.0 = Debug|x64
		{E4EABBAB-6268-4BEB-8FE6-BDE8330DBDC3}.Debug|x86.ActiveCfg = Debug|Win32
		{E4EABBAB-6268-4BEB-8FE6-BDE8330DBDC3}.Debug|x86.Build.0 = Debug|Win32
		{E4EABBAB-6268-4BEB-8FE6-BDE8330DBDC3}.Release|x64.ActiveCfg = Release|x64
		{E4EABBAB-6268-4BEB-8FE6-BDE8330DBDC3}.Release|x64.Build.0 = Release|x64
		{E4EABBAB-6268-4BEB-8FE6-BDE8330DBDC3}.Release|x86.ActiveCfg = Release|Win32
		{E4EABBAB-6268-4BEB-8FE6-BDE8330DBDC3}.Release|x86.Build.0 = Release|Win32
		{AD010D5B-4048-48C8-9BE6-82484BEC32B1}.Debug|x64.ActiveCfg = Debug|x64
		{AD010D5B-4048-48C8-9BE6-82484BEC32B1}.Debug|x64.Build.0 = Debug|x64
		{AD010D5B-4048-48C8-9BE6-82484BEC32B1}.Debug|x86.ActiveCfg = Debug|Win32
		{AD010D5B-4048-48C8-9BE6-82484BEC32B1}.Debug|x86.Build.0 = Debug|Win32
		{AD010D5B-4048-48C8-9BE6-82484BEC32B1}.Release|x64.ActiveCfg = Release|x64
		{AD010D5B-4048-48C8-9BE6-82484BEC32B1}.Release|x64.Build.0 = Release|x64
		{AD010D5B-4048-48C8-9BE6-82484BEC32B1}.Release|x86.ActiveCfg = Release|Win32
		{AD010D5B-4048-48C8-9BE6-82484BEC32B1}.Release|x86.Build.0 = Release|Win32
		{8005C764-52AA-4269-840F-A4BEBE88868E}.Debug|x64.ActiveCfg = Debug|x64
		{8005C764-52AA-4269-840F-A4BEBE88868E}.Debug|x64.Build.0 = Debug|x64
		{8005C764-52AA-4269-840F-A4BEBE88868E}.Debug|x86.ActiveCfg = Debug|Win32
		{8005C764-52AA-4269-840F-A4BEBE88868E}.Debug|x86.Build.0 = Debug|Win32
		{8005C764-52AA-4269-840F-A4BEBE88868E}.Release|x64.ActiveCfg = Release|x64
		{8005C764-52AA-4269-840F-A4BEBE88868E}.Release|x64.Build.0 = Release|x64
		{8005C764-52AA-4269-840F-A4BEBE88868E}.Release|x86.ActiveCfg = Release|Win32
		{8005C764-52AA-4269-840F-A4BEBE88868E}.Release|x86.Build.0 = Release|Win32
		{180D38F1-E6A2-462C-B620-90479FC0CA51}.Debug|x64.ActiveCfg = Debug|x64
		{180D38F1-E6A2-462C-B620-90479FC0CA51}.Debug|x64.Build.0 = Debug|x64
		{180D38F1-E6A2-462C-B620-90479FC0CA51}.Debug|x86.ActiveCfg = Debug|Win32
		{180D38F1-E6A2-462C-B620-90479FC0CA51}.Debug|x86.Build.0 = Debug|Win32
		{180D38F1-E6A2-462C-B620-90479FC0CA51}.Release|x64.ActiveCfg = Release|x64
		{180D38F1-E6A2-462C-B620-90479FC0CA51}.Release|x64.Build.0 = Release|x64
		{180D38F1-E6A2-462C-B620-90479FC0CA51}.Release|x86.ActiveCfg = Release|Win32
		{180D38F1-E6A2-462C-B620-90479FC0CA51}.Release|x86.Build.0 = Release|Win32
		{F181A6B7-9958-4E9F-8EB8-E89727A86117}.Debug|x64.ActiveCfg = Debug|x64
		{F181A6B7-9958-4E9F-8EB8-E89727A86117}.Debug|x64.Build.0 = Debug|x64
		{F181A6B7-9958-4E9F-8EB8-E89727A86117}.Debug|x86.ActiveCfg = Debug|Win32
		{F181A6B7-9958-4E9F-8EB8-E89727A86117}.Debug|x86.Build.0 = Debug|Win32
		{F181A6B7-9958-4E9F-8EB8-E89727A86117}.Release|x64.ActiveCfg = Release|x64
		{F181A6B7-9958-4E9F-8EB8-E89727A86117}.Release|x64.Build.0 = Release|x64
		{F181A6B7-9958-4E9F-8EB8-E89727A86117}.Release|x86.ActiveCfg = Release|Win32
		{F181A6B7-9958-4E9F-8EB8-E89727A86117}.Release|x86.Build.0 = Release|Win32
	EndGlobalSection
	GlobalSection(SolutionProperties) = preSolution
		HideSolutionNode = FALSE
	EndGlobalSection
	GlobalSection(ExtensibilityGlobals) = postSolution
		SolutionGuid = {732B30A4-9918-48D1-8366-3FAAF4251043}
	EndGlobalSection
EndGlobal
